
Microsoft Visual Studio Solution File, Format Version 12.00
# Visual Studio Version 17
VisualStudioVersion = 17.3.32922.545
MinimumVisualStudioVersion = 10.0.40219.1
Project("{9A19103F-16F7-4668-BE54-9A1E7A4F7556}") = "MeetingBot", "MeetingBot\MeetingBot.csproj", "{E5AC9AA3-4E34-413D-8765-996AE179A20B}"
EndProject
Project("{9A19103F-16F7-4668-BE54-9A1E7A4F7556}") = "Common", "Common\Common.csproj", "{871F8435-D3EB-4915-877C-684CA26ABA20}"
EndProject
Global
	GlobalSection(SolutionConfigurationPlatforms) = preSolution
		Debug|Any CPU = Debug|Any CPU
		Release|Any CPU = Release|Any CPU
	EndGlobalSection
	GlobalSection(ProjectConfigurationPlatforms) = postSolution
		{E5AC9AA3-4E34-413D-8765-996AE179A20B}.Debug|Any CPU.ActiveCfg = Debug|Any CPU
		{E5AC9AA3-4E34-413D-8765-996AE179A20B}.Debug|Any CPU.Build.0 = Debug|Any CPU
		{E5AC9AA3-4E34-413D-8765-996AE179A20B}.Release|Any CPU.ActiveCfg = Release|Any CPU
		{E5AC9AA3-4E34-413D-8765-996AE179A20B}.Release|Any CPU.Build.0 = Release|Any CPU
		{871F8435-D3EB-4915-877C-684CA26ABA20}.Debug|Any CPU.ActiveCfg = Debug|Any CPU
		{871F8435-D3EB-4915-877C-684CA26ABA20}.Debug|Any CPU.Build.0 = Debug|Any CPU
		{871F8435-D3EB-4915-877C-684CA26ABA20}.Release|Any CPU.ActiveCfg = Release|Any CPU
		{871F8435-D3EB-4915-877C-684CA26ABA20}.Release|Any CPU.Build.0 = Release|Any CPU
	EndGlobalSection
	GlobalSection(SolutionProperties) = preSolution
		HideSolutionNode = FALSE
	EndGlobalSection
	GlobalSection(ExtensibilityGlobals) = postSolution
		SolutionGuid = {A24A3F97-CA55-47A0-8F1C-DAF40302386E}
	EndGlobalSection
EndGlobal
